
Microsoft Visual Studio Solution File, Format Version 12.00
# Visual Studio 15
VisualStudioVersion = 15.0.27428.2002
MinimumVisualStudioVersion = 10.0.40219.1
Project("{FAE04EC0-301F-11D3-BF4B-00C04F79EFBC}") = "MediaPlayer", "MediaPlayer\MediaPlayer.csproj", "{A818D82B-CAE2-4A05-8F24-147A87E00D5B}"
EndProject
Global
	GlobalSection(SolutionConfigurationPlatforms) = preSolution
		Debug|Any CPU = Debug|Any CPU
		Release|Any CPU = Release|Any CPU
	EndGlobalSection
	GlobalSection(ProjectConfigurationPlatforms) = postSolution
		{A818D82B-CAE2-4A05-8F24-147A87E00D5B}.Debug|Any CPU.ActiveCfg = Debug|Any CPU
		{A818D82B-CAE2-4A05-8F24-147A87E00D5B}.Debug|Any CPU.Build.0 = Debug|Any CPU
		{A818D82B-CAE2-4A05-8F24-147A87E00D5B}.Release|Any CPU.ActiveCfg = Release|Any CPU
		{A818D82B-CAE2-4A05-8F24-147A87E00D5B}.Release|Any CPU.Build.0 = Release|Any CPU
	EndGlobalSection
	GlobalSection(SolutionProperties) = preSolution
		HideSolutionNode = FALSE
	EndGlobalSection
	GlobalSection(ExtensibilityGlobals) = postSolution
		SolutionGuid = {8BEA3F17-203C-4FC7-9738-1D59522CDDFF}
	EndGlobalSection
EndGlobal
